// !$*UTF8*$!
{
	archiveVersion = 1;
	classes = {
	};
	objectVersion = 46;
	objects = {

/* Begin PBXBuildFile section */
		080DD265198E7F100066E1D9 /* iconfont-message.png in Resources */ = {isa = PBXBuildFile; fileRef = 080DD264198E7F100066E1D9 /* iconfont-message.png */; };
		080DD268198E806A0066E1D9 /* TbMsgboxTableViewController.m in Sources */ = {isa = PBXBuildFile; fileRef = 080DD267198E806A0066E1D9 /* TbMsgboxTableViewController.m */; };
		08157F0F198D422E009ADDF4 /* TbIndexViewController.m in Sources */ = {isa = PBXBuildFile; fileRef = 08157F0E198D422E009ADDF4 /* TbIndexViewController.m */; };
		08157F12198D44CD009ADDF4 /* Image+Label.m in Sources */ = {isa = PBXBuildFile; fileRef = 08157F11198D44CD009ADDF4 /* Image+Label.m */; };
		0821141E198A90B60052E0F5 /* hezi0.jpg in Resources */ = {isa = PBXBuildFile; fileRef = 08211412198A90B60052E0F5 /* hezi0.jpg */; };
		0821141F198A90B60052E0F5 /* hezi1.jpg in Resources */ = {isa = PBXBuildFile; fileRef = 08211413198A90B60052E0F5 /* hezi1.jpg */; };
		08211420198A90B60052E0F5 /* hezi2.jpg in Resources */ = {isa = PBXBuildFile; fileRef = 08211414198A90B60052E0F5 /* hezi2.jpg */; };
		08211421198A90B60052E0F5 /* navItemConfig@2x.png in Resources */ = {isa = PBXBuildFile; fileRef = 08211415198A90B60052E0F5 /* navItemConfig@2x.png */; };
		08211422198A90B60052E0F5 /* navItemInfo@2x.png in Resources */ = {isa = PBXBuildFile; fileRef = 08211416198A90B60052E0F5 /* navItemInfo@2x.png */; };
		08211423198A90B60052E0F5 /* navItemPic@2x.png in Resources */ = {isa = PBXBuildFile; fileRef = 08211417198A90B60052E0F5 /* navItemPic@2x.png */; };
		08211424198A90B60052E0F5 /* navItemShop@2x.png in Resources */ = {isa = PBXBuildFile; fileRef = 08211418198A90B60052E0F5 /* navItemShop@2x.png */; };
		08211425198A90B60052E0F5 /* tabCart@2x.png in Resources */ = {isa = PBXBuildFile; fileRef = 08211419198A90B60052E0F5 /* tabCart@2x.png */; };
		08211426198A90B60052E0F5 /* tabConfig@2x.png in Resources */ = {isa = PBXBuildFile; fileRef = 0821141A198A90B60052E0F5 /* tabConfig@2x.png */; };
		08211427198A90B60052E0F5 /* tabDiscovery@2x.png in Resources */ = {isa = PBXBuildFile; fileRef = 0821141B198A90B60052E0F5 /* tabDiscovery@2x.png */; };
		08211428198A90B60052E0F5 /* tabMain@2x.png in Resources */ = {isa = PBXBuildFile; fileRef = 0821141C198A90B60052E0F5 /* tabMain@2x.png */; };
		08211429198A90B60052E0F5 /* tabWei@2x.png in Resources */ = {isa = PBXBuildFile; fileRef = 0821141D198A90B60052E0F5 /* tabWei@2x.png */; };
		0821142D198A965D0052E0F5 /* TbWeitaoViewController.m in Sources */ = {isa = PBXBuildFile; fileRef = 0821142C198A965D0052E0F5 /* TbWeitaoViewController.m */; };
		08211430198A9DDB0052E0F5 /* TbWei2ViewController.m in Sources */ = {isa = PBXBuildFile; fileRef = 0821142F198A9DDB0052E0F5 /* TbWei2ViewController.m */; };
		08211433198A9DE80052E0F5 /* TbWei3ViewController.m in Sources */ = {isa = PBXBuildFile; fileRef = 08211432198A9DE80052E0F5 /* TbWei3ViewController.m */; };
		0849C4D5199DF3C800F417DB /* BrowserViewController.m in Sources */ = {isa = PBXBuildFile; fileRef = 0849C4D4199DF3C800F417DB /* BrowserViewController.m */; };
		0849C4D8199ECB4500F417DB /* BrowserCache.m in Sources */ = {isa = PBXBuildFile; fileRef = 0849C4D7199ECB4500F417DB /* BrowserCache.m */; };
		08507BBD1993510200294A24 /* NetworkTableViewController.m in Sources */ = {isa = PBXBuildFile; fileRef = 08507BBC1993510200294A24 /* NetworkTableViewController.m */; };
		08507BC11993590E00294A24 /* JSONKit.m in Sources */ = {isa = PBXBuildFile; fileRef = 08507BC01993590E00294A24 /* JSONKit.m */; settings = {COMPILER_FLAGS = "-fno-objc-arc"; }; };
		08507BC3199364DA00294A24 /* SDWebImage.framework in Frameworks */ = {isa = PBXBuildFile; fileRef = 08507BC2199364DA00294A24 /* SDWebImage.framework */; };
		08507BC51993675200294A24 /* AudioToolbox.framework in Frameworks */ = {isa = PBXBuildFile; fileRef = 08507BC41993675200294A24 /* AudioToolbox.framework */; };
		08507BC71993677200294A24 /* ImageIO.framework in Frameworks */ = {isa = PBXBuildFile; fileRef = 08507BC61993677200294A24 /* ImageIO.framework */; };
		08507BC91993693300294A24 /* empty.jpg in Resources */ = {isa = PBXBuildFile; fileRef = 08507BC81993693300294A24 /* empty.jpg */; };
		08507BCC19936A0F00294A24 /* ItemTableViewCell.m in Sources */ = {isa = PBXBuildFile; fileRef = 08507BCB19936A0F00294A24 /* ItemTableViewCell.m */; };
		08507BCF19936B3C00294A24 /* WebviewViewController.m in Sources */ = {isa = PBXBuildFile; fileRef = 08507BCE19936B3C00294A24 /* WebviewViewController.m */; };
		08507BE41993868D00294A24 /* AFHTTPRequestOperation.m in Sources */ = {isa = PBXBuildFile; fileRef = 08507BD21993868D00294A24 /* AFHTTPRequestOperation.m */; };
		08507BE51993868D00294A24 /* AFHTTPRequestOperationManager.m in Sources */ = {isa = PBXBuildFile; fileRef = 08507BD41993868D00294A24 /* AFHTTPRequestOperationManager.m */; };
		08507BE61993868D00294A24 /* AFHTTPSessionManager.m in Sources */ = {isa = PBXBuildFile; fileRef = 08507BD61993868D00294A24 /* AFHTTPSessionManager.m */; };
		08507BE71993868D00294A24 /* AFNetworkReachabilityManager.m in Sources */ = {isa = PBXBuildFile; fileRef = 08507BD91993868D00294A24 /* AFNetworkReachabilityManager.m */; };
		08507BE81993868D00294A24 /* AFSecurityPolicy.m in Sources */ = {isa = PBXBuildFile; fileRef = 08507BDB1993868D00294A24 /* AFSecurityPolicy.m */; };
		08507BE91993868D00294A24 /* AFURLConnectionOperation.m in Sources */ = {isa = PBXBuildFile; fileRef = 08507BDD1993868D00294A24 /* AFURLConnectionOperation.m */; };
		08507BEA1993868D00294A24 /* AFURLRequestSerialization.m in Sources */ = {isa = PBXBuildFile; fileRef = 08507BDF1993868D00294A24 /* AFURLRequestSerialization.m */; };
		08507BEB1993868D00294A24 /* AFURLResponseSerialization.m in Sources */ = {isa = PBXBuildFile; fileRef = 08507BE11993868D00294A24 /* AFURLResponseSerialization.m */; };
		08507BEC1993868D00294A24 /* AFURLSessionManager.m in Sources */ = {isa = PBXBuildFile; fileRef = 08507BE31993868D00294A24 /* AFURLSessionManager.m */; };
		08507BF01993872F00294A24 /* TbSearchViewController.m in Sources */ = {isa = PBXBuildFile; fileRef = 08507BEF1993872F00294A24 /* TbSearchViewController.m */; };
		08507BF41993882F00294A24 /* search.png in Resources */ = {isa = PBXBuildFile; fileRef = 08507BF31993882F00294A24 /* search.png */; };
		08507BF8199388AF00294A24 /* iconfont-search.png in Resources */ = {isa = PBXBuildFile; fileRef = 08507BF7199388AF00294A24 /* iconfont-search.png */; };
		08507BFB19938EFE00294A24 /* SearchModel.m in Sources */ = {isa = PBXBuildFile; fileRef = 08507BFA19938EFE00294A24 /* SearchModel.m */; };
		087E39D61982C31800520CC5 /* Foundation.framework in Frameworks */ = {isa = PBXBuildFile; fileRef = 087E39D51982C31800520CC5 /* Foundation.framework */; };
		087E39D81982C31800520CC5 /* CoreGraphics.framework in Frameworks */ = {isa = PBXBuildFile; fileRef = 087E39D71982C31800520CC5 /* CoreGraphics.framework */; };
		087E39DA1982C31800520CC5 /* UIKit.framework in Frameworks */ = {isa = PBXBuildFile; fileRef = 087E39D91982C31800520CC5 /* UIKit.framework */; };
		087E39E01982C31800520CC5 /* InfoPlist.strings in Resources */ = {isa = PBXBuildFile; fileRef = 087E39DE1982C31800520CC5 /* InfoPlist.strings */; };
		087E39E21982C31800520CC5 /* main.m in Sources */ = {isa = PBXBuildFile; fileRef = 087E39E11982C31800520CC5 /* main.m */; };
		087E39E61982C31800520CC5 /* AppDelegate.m in Sources */ = {isa = PBXBuildFile; fileRef = 087E39E51982C31800520CC5 /* AppDelegate.m */; };
		087E39E81982C31800520CC5 /* Images.xcassets in Resources */ = {isa = PBXBuildFile; fileRef = 087E39E71982C31800520CC5 /* Images.xcassets */; };
		087E39EF1982C31800520CC5 /* XCTest.framework in Frameworks */ = {isa = PBXBuildFile; fileRef = 087E39EE1982C31800520CC5 /* XCTest.framework */; };
		087E39F01982C31800520CC5 /* Foundation.framework in Frameworks */ = {isa = PBXBuildFile; fileRef = 087E39D51982C31800520CC5 /* Foundation.framework */; };
		087E39F11982C31800520CC5 /* UIKit.framework in Frameworks */ = {isa = PBXBuildFile; fileRef = 087E39D91982C31800520CC5 /* UIKit.framework */; };
		087E39F91982C31800520CC5 /* InfoPlist.strings in Resources */ = {isa = PBXBuildFile; fileRef = 087E39F71982C31800520CC5 /* InfoPlist.strings */; };
		087E39FB1982C31800520CC5 /* TbCourseTests.m in Sources */ = {isa = PBXBuildFile; fileRef = 087E39FA1982C31800520CC5 /* TbCourseTests.m */; };
		087E3A161982C4EE00520CC5 /* InfoPlist.strings in Resources */ = {isa = PBXBuildFile; fileRef = 087E3A051982C4EE00520CC5 /* InfoPlist.strings */; };
		087E3A1D1982C4EE00520CC5 /* TbFavouriteViewController.m in Sources */ = {isa = PBXBuildFile; fileRef = 087E3A111982C4EE00520CC5 /* TbFavouriteViewController.m */; };
		087E3A1E1982C4EE00520CC5 /* UIScrollView+SVInfiniteScrolling.m in Sources */ = {isa = PBXBuildFile; fileRef = 087E3A131982C4EE00520CC5 /* UIScrollView+SVInfiniteScrolling.m */; };
		087E3A1F1982C4EE00520CC5 /* UIScrollView+SVPullToRefresh.m in Sources */ = {isa = PBXBuildFile; fileRef = 087E3A151982C4EE00520CC5 /* UIScrollView+SVPullToRefresh.m */; };
		08BDF2D0199F2667004E2CF7 /* FileUtils.m in Sources */ = {isa = PBXBuildFile; fileRef = 08BDF2CF199F2667004E2CF7 /* FileUtils.m */; };
		08CC4A0B199B37AC0039E030 /* ItemCell.m in Sources */ = {isa = PBXBuildFile; fileRef = 08CC4A08199B37AC0039E030 /* ItemCell.m */; };
		08CC4A0C199B37AC0039E030 /* ItemModel.m in Sources */ = {isa = PBXBuildFile; fileRef = 08CC4A0A199B37AC0039E030 /* ItemModel.m */; };
/* End PBXBuildFile section */

/* Begin PBXContainerItemProxy section */
		087E39F21982C31800520CC5 /* PBXContainerItemProxy */ = {
			isa = PBXContainerItemProxy;
			containerPortal = 087E39CA1982C31800520CC5 /* Project object */;
			proxyType = 1;
			remoteGlobalIDString = 087E39D11982C31800520CC5;
			remoteInfo = TbCourse;
		};
/* End PBXContainerItemProxy section */

/* Begin PBXFileReference section */
		080DD264198E7F100066E1D9 /* iconfont-message.png */ = {isa = PBXFileReference; lastKnownFileType = image.png; path = "iconfont-message.png"; sourceTree = "<group>"; };
		080DD266198E806A0066E1D9 /* TbMsgboxTableViewController.h */ = {isa = PBXFileReference; fileEncoding = 4; lastKnownFileType = sourcecode.c.h; path = TbMsgboxTableViewController.h; sourceTree = "<group>"; };
		080DD267198E806A0066E1D9 /* TbMsgboxTableViewController.m */ = {isa = PBXFileReference; fileEncoding = 4; lastKnownFileType = sourcecode.c.objc; path = TbMsgboxTableViewController.m; sourceTree = "<group>"; };
		08157F0D198D422E009ADDF4 /* TbIndexViewController.h */ = {isa = PBXFileReference; fileEncoding = 4; lastKnownFileType = sourcecode.c.h; path = TbIndexViewController.h; sourceTree = "<group>"; };
		08157F0E198D422E009ADDF4 /* TbIndexViewController.m */ = {isa = PBXFileReference; fileEncoding = 4; lastKnownFileType = sourcecode.c.objc; path = TbIndexViewController.m; sourceTree = "<group>"; };
		08157F10198D44CD009ADDF4 /* Image+Label.h */ = {isa = PBXFileReference; fileEncoding = 4; lastKnownFileType = sourcecode.c.h; path = "Image+Label.h"; sourceTree = "<group>"; };
		08157F11198D44CD009ADDF4 /* Image+Label.m */ = {isa = PBXFileReference; fileEncoding = 4; lastKnownFileType = sourcecode.c.objc; path = "Image+Label.m"; sourceTree = "<group>"; };
		08211412198A90B60052E0F5 /* hezi0.jpg */ = {isa = PBXFileReference; lastKnownFileType = image.jpeg; path = hezi0.jpg; sourceTree = "<group>"; };
		08211413198A90B60052E0F5 /* hezi1.jpg */ = {isa = PBXFileReference; lastKnownFileType = image.jpeg; path = hezi1.jpg; sourceTree = "<group>"; };
		08211414198A90B60052E0F5 /* hezi2.jpg */ = {isa = PBXFileReference; lastKnownFileType = image.jpeg; path = hezi2.jpg; sourceTree = "<group>"; };
		08211415198A90B60052E0F5 /* navItemConfig@2x.png */ = {isa = PBXFileReference; lastKnownFileType = image.png; path = "navItemConfig@2x.png"; sourceTree = "<group>"; };
		08211416198A90B60052E0F5 /* navItemInfo@2x.png */ = {isa = PBXFileReference; lastKnownFileType = image.png; path = "navItemInfo@2x.png"; sourceTree = "<group>"; };
		08211417198A90B60052E0F5 /* navItemPic@2x.png */ = {isa = PBXFileReference; lastKnownFileType = image.png; path = "navItemPic@2x.png"; sourceTree = "<group>"; };
		08211418198A90B60052E0F5 /* navItemShop@2x.png */ = {isa = PBXFileReference; lastKnownFileType = image.png; path = "navItemShop@2x.png"; sourceTree = "<group>"; };
		08211419198A90B60052E0F5 /* tabCart@2x.png */ = {isa = PBXFileReference; lastKnownFileType = image.png; path = "tabCart@2x.png"; sourceTree = "<group>"; };
		0821141A198A90B60052E0F5 /* tabConfig@2x.png */ = {isa = PBXFileReference; lastKnownFileType = image.png; path = "tabConfig@2x.png"; sourceTree = "<group>"; };
		0821141B198A90B60052E0F5 /* tabDiscovery@2x.png */ = {isa = PBXFileReference; lastKnownFileType = image.png; path = "tabDiscovery@2x.png"; sourceTree = "<group>"; };
		0821141C198A90B60052E0F5 /* tabMain@2x.png */ = {isa = PBXFileReference; lastKnownFileType = image.png; path = "tabMain@2x.png"; sourceTree = "<group>"; };
		0821141D198A90B60052E0F5 /* tabWei@2x.png */ = {isa = PBXFileReference; lastKnownFileType = image.png; path = "tabWei@2x.png"; sourceTree = "<group>"; };
		0821142B198A965D0052E0F5 /* TbWeitaoViewController.h */ = {isa = PBXFileReference; fileEncoding = 4; lastKnownFileType = sourcecode.c.h; path = TbWeitaoViewController.h; sourceTree = "<group>"; };
		0821142C198A965D0052E0F5 /* TbWeitaoViewController.m */ = {isa = PBXFileReference; fileEncoding = 4; lastKnownFileType = sourcecode.c.objc; path = TbWeitaoViewController.m; sourceTree = "<group>"; };
		0821142E198A9DDB0052E0F5 /* TbWei2ViewController.h */ = {isa = PBXFileReference; fileEncoding = 4; lastKnownFileType = sourcecode.c.h; path = TbWei2ViewController.h; sourceTree = "<group>"; };
		0821142F198A9DDB0052E0F5 /* TbWei2ViewController.m */ = {isa = PBXFileReference; fileEncoding = 4; lastKnownFileType = sourcecode.c.objc; path = TbWei2ViewController.m; sourceTree = "<group>"; };
		08211431198A9DE80052E0F5 /* TbWei3ViewController.h */ = {isa = PBXFileReference; fileEncoding = 4; lastKnownFileType = sourcecode.c.h; path = TbWei3ViewController.h; sourceTree = "<group>"; };
		08211432198A9DE80052E0F5 /* TbWei3ViewController.m */ = {isa = PBXFileReference; fileEncoding = 4; lastKnownFileType = sourcecode.c.objc; path = TbWei3ViewController.m; sourceTree = "<group>"; };
		0849C4D3199DF3C800F417DB /* BrowserViewController.h */ = {isa = PBXFileReference; fileEncoding = 4; lastKnownFileType = sourcecode.c.h; path = BrowserViewController.h; sourceTree = "<group>"; };
		0849C4D4199DF3C800F417DB /* BrowserViewController.m */ = {isa = PBXFileReference; fileEncoding = 4; lastKnownFileType = sourcecode.c.objc; path = BrowserViewController.m; sourceTree = "<group>"; };
		0849C4D6199ECB4500F417DB /* BrowserCache.h */ = {isa = PBXFileReference; fileEncoding = 4; lastKnownFileType = sourcecode.c.h; path = BrowserCache.h; sourceTree = "<group>"; };
		0849C4D7199ECB4500F417DB /* BrowserCache.m */ = {isa = PBXFileReference; fileEncoding = 4; lastKnownFileType = sourcecode.c.objc; path = BrowserCache.m; sourceTree = "<group>"; };
		08507BBB1993510200294A24 /* NetworkTableViewController.h */ = {isa = PBXFileReference; fileEncoding = 4; lastKnownFileType = sourcecode.c.h; name = NetworkTableViewController.h; path = ../NetworkTableViewController.h; sourceTree = "<group>"; };
		08507BBC1993510200294A24 /* NetworkTableViewController.m */ = {isa = PBXFileReference; fileEncoding = 4; lastKnownFileType = sourcecode.c.objc; name = NetworkTableViewController.m; path = ../NetworkTableViewController.m; sourceTree = "<group>"; };
		08507BBF1993590E00294A24 /* JSONKit.h */ = {isa = PBXFileReference; fileEncoding = 4; lastKnownFileType = sourcecode.c.h; path = JSONKit.h; sourceTree = "<group>"; };
		08507BC01993590E00294A24 /* JSONKit.m */ = {isa = PBXFileReference; fileEncoding = 4; lastKnownFileType = sourcecode.c.objc; path = JSONKit.m; sourceTree = "<group>"; };
		08507BC2199364DA00294A24 /* SDWebImage.framework */ = {isa = PBXFileReference; lastKnownFileType = wrapper.framework; path = SDWebImage.framework; sourceTree = "<group>"; };
		08507BC41993675200294A24 /* AudioToolbox.framework */ = {isa = PBXFileReference; lastKnownFileType = wrapper.framework; name = AudioToolbox.framework; path = System/Library/Frameworks/AudioToolbox.framework; sourceTree = SDKROOT; };
		08507BC61993677200294A24 /* ImageIO.framework */ = {isa = PBXFileReference; lastKnownFileType = wrapper.framework; name = ImageIO.framework; path = System/Library/Frameworks/ImageIO.framework; sourceTree = SDKROOT; };
		08507BC81993693300294A24 /* empty.jpg */ = {isa = PBXFileReference; lastKnownFileType = image.jpeg; path = empty.jpg; sourceTree = "<group>"; };
		08507BCA19936A0F00294A24 /* ItemTableViewCell.h */ = {isa = PBXFileReference; fileEncoding = 4; lastKnownFileType = sourcecode.c.h; name = ItemTableViewCell.h; path = ../network/ItemTableViewCell.h; sourceTree = "<group>"; };
		08507BCB19936A0F00294A24 /* ItemTableViewCell.m */ = {isa = PBXFileReference; fileEncoding = 4; lastKnownFileType = sourcecode.c.objc; name = ItemTableViewCell.m; path = ../network/ItemTableViewCell.m; sourceTree = "<group>"; };
		08507BCD19936B3C00294A24 /* WebviewViewController.h */ = {isa = PBXFileReference; fileEncoding = 4; lastKnownFileType = sourcecode.c.h; name = WebviewViewController.h; path = ../network/WebviewViewController.h; sourceTree = "<group>"; };
		08507BCE19936B3C00294A24 /* WebviewViewController.m */ = {isa = PBXFileReference; fileEncoding = 4; lastKnownFileType = sourcecode.c.objc; name = WebviewViewController.m; path = ../network/WebviewViewController.m; sourceTree = "<group>"; };
		08507BD11993868D00294A24 /* AFHTTPRequestOperation.h */ = {isa = PBXFileReference; fileEncoding = 4; lastKnownFileType = sourcecode.c.h; path = AFHTTPRequestOperation.h; sourceTree = "<group>"; };
		08507BD21993868D00294A24 /* AFHTTPRequestOperation.m */ = {isa = PBXFileReference; fileEncoding = 4; lastKnownFileType = sourcecode.c.objc; path = AFHTTPRequestOperation.m; sourceTree = "<group>"; };
		08507BD31993868D00294A24 /* AFHTTPRequestOperationManager.h */ = {isa = PBXFileReference; fileEncoding = 4; lastKnownFileType = sourcecode.c.h; path = AFHTTPRequestOperationManager.h; sourceTree = "<group>"; };
		08507BD41993868D00294A24 /* AFHTTPRequestOperationManager.m */ = {isa = PBXFileReference; fileEncoding = 4; lastKnownFileType = sourcecode.c.objc; path = AFHTTPRequestOperationManager.m; sourceTree = "<group>"; };
		08507BD51993868D00294A24 /* AFHTTPSessionManager.h */ = {isa = PBXFileReference; fileEncoding = 4; lastKnownFileType = sourcecode.c.h; path = AFHTTPSessionManager.h; sourceTree = "<group>"; };
		08507BD61993868D00294A24 /* AFHTTPSessionManager.m */ = {isa = PBXFileReference; fileEncoding = 4; lastKnownFileType = sourcecode.c.objc; path = AFHTTPSessionManager.m; sourceTree = "<group>"; };
		08507BD71993868D00294A24 /* AFNetworking.h */ = {isa = PBXFileReference; fileEncoding = 4; lastKnownFileType = sourcecode.c.h; path = AFNetworking.h; sourceTree = "<group>"; };
		08507BD81993868D00294A24 /* AFNetworkReachabilityManager.h */ = {isa = PBXFileReference; fileEncoding = 4; lastKnownFileType = sourcecode.c.h; path = AFNetworkReachabilityManager.h; sourceTree = "<group>"; };
		08507BD91993868D00294A24 /* AFNetworkReachabilityManager.m */ = {isa = PBXFileReference; fileEncoding = 4; lastKnownFileType = sourcecode.c.objc; path = AFNetworkReachabilityManager.m; sourceTree = "<group>"; };
		08507BDA1993868D00294A24 /* AFSecurityPolicy.h */ = {isa = PBXFileReference; fileEncoding = 4; lastKnownFileType = sourcecode.c.h; path = AFSecurityPolicy.h; sourceTree = "<group>"; };
		08507BDB1993868D00294A24 /* AFSecurityPolicy.m */ = {isa = PBXFileReference; fileEncoding = 4; lastKnownFileType = sourcecode.c.objc; path = AFSecurityPolicy.m; sourceTree = "<group>"; };
		08507BDC1993868D00294A24 /* AFURLConnectionOperation.h */ = {isa = PBXFileReference; fileEncoding = 4; lastKnownFileType = sourcecode.c.h; path = AFURLConnectionOperation.h; sourceTree = "<group>"; };
		08507BDD1993868D00294A24 /* AFURLConnectionOperation.m */ = {isa = PBXFileReference; fileEncoding = 4; lastKnownFileType = sourcecode.c.objc; path = AFURLConnectionOperation.m; sourceTree = "<group>"; };
		08507BDE1993868D00294A24 /* AFURLRequestSerialization.h */ = {isa = PBXFileReference; fileEncoding = 4; lastKnownFileType = sourcecode.c.h; path = AFURLRequestSerialization.h; sourceTree = "<group>"; };
		08507BDF1993868D00294A24 /* AFURLRequestSerialization.m */ = {isa = PBXFileReference; fileEncoding = 4; lastKnownFileType = sourcecode.c.objc; path = AFURLRequestSerialization.m; sourceTree = "<group>"; };
		08507BE01993868D00294A24 /* AFURLResponseSerialization.h */ = {isa = PBXFileReference; fileEncoding = 4; lastKnownFileType = sourcecode.c.h; path = AFURLResponseSerialization.h; sourceTree = "<group>"; };
		08507BE11993868D00294A24 /* AFURLResponseSerialization.m */ = {isa = PBXFileReference; fileEncoding = 4; lastKnownFileType = sourcecode.c.objc; path = AFURLResponseSerialization.m; sourceTree = "<group>"; };
		08507BE21993868D00294A24 /* AFURLSessionManager.h */ = {isa = PBXFileReference; fileEncoding = 4; lastKnownFileType = sourcecode.c.h; path = AFURLSessionManager.h; sourceTree = "<group>"; };
		08507BE31993868D00294A24 /* AFURLSessionManager.m */ = {isa = PBXFileReference; fileEncoding = 4; lastKnownFileType = sourcecode.c.objc; path = AFURLSessionManager.m; sourceTree = "<group>"; };
		08507BEE1993872F00294A24 /* TbSearchViewController.h */ = {isa = PBXFileReference; fileEncoding = 4; lastKnownFileType = sourcecode.c.h; path = TbSearchViewController.h; sourceTree = "<group>"; };
		08507BEF1993872F00294A24 /* TbSearchViewController.m */ = {isa = PBXFileReference; fileEncoding = 4; lastKnownFileType = sourcecode.c.objc; path = TbSearchViewController.m; sourceTree = "<group>"; };
		08507BF31993882F00294A24 /* search.png */ = {isa = PBXFileReference; lastKnownFileType = image.png; path = search.png; sourceTree = "<group>"; };
		08507BF7199388AF00294A24 /* iconfont-search.png */ = {isa = PBXFileReference; lastKnownFileType = image.png; path = "iconfont-search.png"; sourceTree = "<group>"; };
		08507BF919938EFE00294A24 /* SearchModel.h */ = {isa = PBXFileReference; fileEncoding = 4; lastKnownFileType = sourcecode.c.h; path = SearchModel.h; sourceTree = "<group>"; };
		08507BFA19938EFE00294A24 /* SearchModel.m */ = {isa = PBXFileReference; fileEncoding = 4; lastKnownFileType = sourcecode.c.objc; path = SearchModel.m; sourceTree = "<group>"; };
		08507BFD1993B37800294A24 /* SearchDataCallback.h */ = {isa = PBXFileReference; lastKnownFileType = sourcecode.c.h; path = SearchDataCallback.h; sourceTree = "<group>"; };
		087E39D21982C31800520CC5 /* TbCourse.app */ = {isa = PBXFileReference; explicitFileType = wrapper.application; includeInIndex = 0; path = TbCourse.app; sourceTree = BUILT_PRODUCTS_DIR; };
		087E39D51982C31800520CC5 /* Foundation.framework */ = {isa = PBXFileReference; lastKnownFileType = wrapper.framework; name = Foundation.framework; path = System/Library/Frameworks/Foundation.framework; sourceTree = SDKROOT; };
		087E39D71982C31800520CC5 /* CoreGraphics.framework */ = {isa = PBXFileReference; lastKnownFileType = wrapper.framework; name = CoreGraphics.framework; path = System/Library/Frameworks/CoreGraphics.framework; sourceTree = SDKROOT; };
		087E39D91982C31800520CC5 /* UIKit.framework */ = {isa = PBXFileReference; lastKnownFileType = wrapper.framework; name = UIKit.framework; path = System/Library/Frameworks/UIKit.framework; sourceTree = SDKROOT; };
		087E39DD1982C31800520CC5 /* TbCourse-Info.plist */ = {isa = PBXFileReference; lastKnownFileType = text.plist.xml; path = "TbCourse-Info.plist"; sourceTree = "<group>"; };
		087E39DF1982C31800520CC5 /* en */ = {isa = PBXFileReference; lastKnownFileType = text.plist.strings; name = en; path = en.lproj/InfoPlist.strings; sourceTree = "<group>"; };
		087E39E11982C31800520CC5 /* main.m */ = {isa = PBXFileReference; lastKnownFileType = sourcecode.c.objc; path = main.m; sourceTree = "<group>"; };
		087E39E31982C31800520CC5 /* TbCourse-Prefix.pch */ = {isa = PBXFileReference; lastKnownFileType = sourcecode.c.h; path = "TbCourse-Prefix.pch"; sourceTree = "<group>"; };
		087E39E41982C31800520CC5 /* AppDelegate.h */ = {isa = PBXFileReference; lastKnownFileType = sourcecode.c.h; path = AppDelegate.h; sourceTree = "<group>"; };
		087E39E51982C31800520CC5 /* AppDelegate.m */ = {isa = PBXFileReference; lastKnownFileType = sourcecode.c.objc; path = AppDelegate.m; sourceTree = "<group>"; };
		087E39E71982C31800520CC5 /* Images.xcassets */ = {isa = PBXFileReference; lastKnownFileType = folder.assetcatalog; path = Images.xcassets; sourceTree = "<group>"; };
		087E39ED1982C31800520CC5 /* TbCourseTests.xctest */ = {isa = PBXFileReference; explicitFileType = wrapper.cfbundle; includeInIndex = 0; path = TbCourseTests.xctest; sourceTree = BUILT_PRODUCTS_DIR; };
		087E39EE1982C31800520CC5 /* XCTest.framework */ = {isa = PBXFileReference; lastKnownFileType = wrapper.framework; name = XCTest.framework; path = Library/Frameworks/XCTest.framework; sourceTree = DEVELOPER_DIR; };
		087E39F61982C31800520CC5 /* TbCourseTests-Info.plist */ = {isa = PBXFileReference; lastKnownFileType = text.plist.xml; path = "TbCourseTests-Info.plist"; sourceTree = "<group>"; };
		087E39F81982C31800520CC5 /* en */ = {isa = PBXFileReference; lastKnownFileType = text.plist.strings; name = en; path = en.lproj/InfoPlist.strings; sourceTree = "<group>"; };
		087E39FA1982C31800520CC5 /* TbCourseTests.m */ = {isa = PBXFileReference; lastKnownFileType = sourcecode.c.objc; path = TbCourseTests.m; sourceTree = "<group>"; };
		087E3A061982C4EE00520CC5 /* en */ = {isa = PBXFileReference; lastKnownFileType = text.plist.strings; name = en; path = InfoPlist.strings; sourceTree = "<group>"; };
		087E3A0F1982C4EE00520CC5 /* SVPullToRefresh.h */ = {isa = PBXFileReference; fileEncoding = 4; lastKnownFileType = sourcecode.c.h; path = SVPullToRefresh.h; sourceTree = "<group>"; };
		087E3A101982C4EE00520CC5 /* TbFavouriteViewController.h */ = {isa = PBXFileReference; fileEncoding = 4; lastKnownFileType = sourcecode.c.h; path = TbFavouriteViewController.h; sourceTree = "<group>"; };
		087E3A111982C4EE00520CC5 /* TbFavouriteViewController.m */ = {isa = PBXFileReference; fileEncoding = 4; lastKnownFileType = sourcecode.c.objc; path = TbFavouriteViewController.m; sourceTree = "<group>"; };
		087E3A121982C4EE00520CC5 /* UIScrollView+SVInfiniteScrolling.h */ = {isa = PBXFileReference; fileEncoding = 4; lastKnownFileType = sourcecode.c.h; path = "UIScrollView+SVInfiniteScrolling.h"; sourceTree = "<group>"; };
		087E3A131982C4EE00520CC5 /* UIScrollView+SVInfiniteScrolling.m */ = {isa = PBXFileReference; fileEncoding = 4; lastKnownFileType = sourcecode.c.objc; path = "UIScrollView+SVInfiniteScrolling.m"; sourceTree = "<group>"; };
		087E3A141982C4EE00520CC5 /* UIScrollView+SVPullToRefresh.h */ = {isa = PBXFileReference; fileEncoding = 4; lastKnownFileType = sourcecode.c.h; path = "UIScrollView+SVPullToRefresh.h"; sourceTree = "<group>"; };
		087E3A151982C4EE00520CC5 /* UIScrollView+SVPullToRefresh.m */ = {isa = PBXFileReference; fileEncoding = 4; lastKnownFileType = sourcecode.c.objc; path = "UIScrollView+SVPullToRefresh.m"; sourceTree = "<group>"; };
		08BDF2CE199F2666004E2CF7 /* FileUtils.h */ = {isa = PBXFileReference; fileEncoding = 4; lastKnownFileType = sourcecode.c.h; path = FileUtils.h; sourceTree = "<group>"; };
		08BDF2CF199F2667004E2CF7 /* FileUtils.m */ = {isa = PBXFileReference; fileEncoding = 4; lastKnownFileType = sourcecode.c.objc; path = FileUtils.m; sourceTree = "<group>"; };
		08CC4A07199B37AC0039E030 /* ItemCell.h */ = {isa = PBXFileReference; fileEncoding = 4; lastKnownFileType = sourcecode.c.h; path = ItemCell.h; sourceTree = "<group>"; };
		08CC4A08199B37AC0039E030 /* ItemCell.m */ = {isa = PBXFileReference; fileEncoding = 4; lastKnownFileType = sourcecode.c.objc; path = ItemCell.m; sourceTree = "<group>"; };
		08CC4A09199B37AC0039E030 /* ItemModel.h */ = {isa = PBXFileReference; fileEncoding = 4; lastKnownFileType = sourcecode.c.h; path = ItemModel.h; sourceTree = "<group>"; };
		08CC4A0A199B37AC0039E030 /* ItemModel.m */ = {isa = PBXFileReference; fileEncoding = 4; lastKnownFileType = sourcecode.c.objc; path = ItemModel.m; sourceTree = "<group>"; };
/* End PBXFileReference section */

/* Begin PBXFrameworksBuildPhase section */
		087E39CF1982C31800520CC5 /* Frameworks */ = {
			isa = PBXFrameworksBuildPhase;
			buildActionMask = 2147483647;
			files = (
				08507BC71993677200294A24 /* ImageIO.framework in Frameworks */,
				08507BC51993675200294A24 /* AudioToolbox.framework in Frameworks */,
				08507BC3199364DA00294A24 /* SDWebImage.framework in Frameworks */,
				087E39D81982C31800520CC5 /* CoreGraphics.framework in Frameworks */,
				087E39DA1982C31800520CC5 /* UIKit.framework in Frameworks */,
				087E39D61982C31800520CC5 /* Foundation.framework in Frameworks */,
			);
			runOnlyForDeploymentPostprocessing = 0;
		};
		087E39EA1982C31800520CC5 /* Frameworks */ = {
			isa = PBXFrameworksBuildPhase;
			buildActionMask = 2147483647;
			files = (
				087E39EF1982C31800520CC5 /* XCTest.framework in Frameworks */,
				087E39F11982C31800520CC5 /* UIKit.framework in Frameworks */,
				087E39F01982C31800520CC5 /* Foundation.framework in Frameworks */,
			);
			runOnlyForDeploymentPostprocessing = 0;
		};
/* End PBXFrameworksBuildPhase section */

/* Begin PBXGroup section */
		08157F0B198D4205009ADDF4 /* index */ = {
			isa = PBXGroup;
			children = (
				08157F0D198D422E009ADDF4 /* TbIndexViewController.h */,
				08157F0E198D422E009ADDF4 /* TbIndexViewController.m */,
				08157F10198D44CD009ADDF4 /* Image+Label.h */,
				08157F11198D44CD009ADDF4 /* Image+Label.m */,
			);
			path = index;
			sourceTree = "<group>";
		};
		08157F0C198D421C009ADDF4 /* msgbox */ = {
			isa = PBXGroup;
			children = (
				080DD266198E806A0066E1D9 /* TbMsgboxTableViewController.h */,
				080DD267198E806A0066E1D9 /* TbMsgboxTableViewController.m */,
			);
			path = msgbox;
			sourceTree = "<group>";
		};
		08211411198A906D0052E0F5 /* images */ = {
			isa = PBXGroup;
			children = (
				08507BF7199388AF00294A24 /* iconfont-search.png */,
				08507BF31993882F00294A24 /* search.png */,
				08507BC81993693300294A24 /* empty.jpg */,
				080DD264198E7F100066E1D9 /* iconfont-message.png */,
				08211412198A90B60052E0F5 /* hezi0.jpg */,
				08211413198A90B60052E0F5 /* hezi1.jpg */,
				08211414198A90B60052E0F5 /* hezi2.jpg */,
				08211415198A90B60052E0F5 /* navItemConfig@2x.png */,
				08211416198A90B60052E0F5 /* navItemInfo@2x.png */,
				08211417198A90B60052E0F5 /* navItemPic@2x.png */,
				08211418198A90B60052E0F5 /* navItemShop@2x.png */,
				08211419198A90B60052E0F5 /* tabCart@2x.png */,
				0821141A198A90B60052E0F5 /* tabConfig@2x.png */,
				0821141B198A90B60052E0F5 /* tabDiscovery@2x.png */,
				0821141C198A90B60052E0F5 /* tabMain@2x.png */,
				0821141D198A90B60052E0F5 /* tabWei@2x.png */,
			);
			path = images;
			sourceTree = "<group>";
		};
		0821142A198A96330052E0F5 /* weitao */ = {
			isa = PBXGroup;
			children = (
				0821142B198A965D0052E0F5 /* TbWeitaoViewController.h */,
				0821142C198A965D0052E0F5 /* TbWeitaoViewController.m */,
				0821142E198A9DDB0052E0F5 /* TbWei2ViewController.h */,
				0821142F198A9DDB0052E0F5 /* TbWei2ViewController.m */,
				08211431198A9DE80052E0F5 /* TbWei3ViewController.h */,
				08211432198A9DE80052E0F5 /* TbWei3ViewController.m */,
			);
			path = weitao;
			sourceTree = "<group>";
		};
		0849C4D2199DDBC100F417DB /* browser */ = {
			isa = PBXGroup;
			children = (
				0849C4D3199DF3C800F417DB /* BrowserViewController.h */,
				0849C4D4199DF3C800F417DB /* BrowserViewController.m */,
				0849C4D6199ECB4500F417DB /* BrowserCache.h */,
				0849C4D7199ECB4500F417DB /* BrowserCache.m */,
				08BDF2CE199F2666004E2CF7 /* FileUtils.h */,
				08BDF2CF199F2667004E2CF7 /* FileUtils.m */,
			);
			path = browser;
			sourceTree = "<group>";
		};
		08507BBE1993527600294A24 /* network */ = {
			isa = PBXGroup;
			children = (
				08507BBB1993510200294A24 /* NetworkTableViewController.h */,
				08507BBC1993510200294A24 /* NetworkTableViewController.m */,
			);
			path = network;
			sourceTree = "<group>";
		};
		08507BD01993868D00294A24 /* AFNetworking */ = {
			isa = PBXGroup;
			children = (
				08507BD11993868D00294A24 /* AFHTTPRequestOperation.h */,
				08507BD21993868D00294A24 /* AFHTTPRequestOperation.m */,
				08507BD31993868D00294A24 /* AFHTTPRequestOperationManager.h */,
				08507BD41993868D00294A24 /* AFHTTPRequestOperationManager.m */,
				08507BD51993868D00294A24 /* AFHTTPSessionManager.h */,
				08507BD61993868D00294A24 /* AFHTTPSessionManager.m */,
				08507BD71993868D00294A24 /* AFNetworking.h */,
				08507BD81993868D00294A24 /* AFNetworkReachabilityManager.h */,
				08507BD91993868D00294A24 /* AFNetworkReachabilityManager.m */,
				08507BDA1993868D00294A24 /* AFSecurityPolicy.h */,
				08507BDB1993868D00294A24 /* AFSecurityPolicy.m */,
				08507BDC1993868D00294A24 /* AFURLConnectionOperation.h */,
				08507BDD1993868D00294A24 /* AFURLConnectionOperation.m */,
				08507BDE1993868D00294A24 /* AFURLRequestSerialization.h */,
				08507BDF1993868D00294A24 /* AFURLRequestSerialization.m */,
				08507BE01993868D00294A24 /* AFURLResponseSerialization.h */,
				08507BE11993868D00294A24 /* AFURLResponseSerialization.m */,
				08507BE21993868D00294A24 /* AFURLSessionManager.h */,
				08507BE31993868D00294A24 /* AFURLSessionManager.m */,
			);
			name = AFNetworking;
			path = ../AFNetworking;
			sourceTree = "<group>";
		};
		08507BED1993871900294A24 /* tbsearch */ = {
			isa = PBXGroup;
			children = (
				08507BEE1993872F00294A24 /* TbSearchViewController.h */,
				08507BEF1993872F00294A24 /* TbSearchViewController.m */,
				08507BF919938EFE00294A24 /* SearchModel.h */,
				08507BFA19938EFE00294A24 /* SearchModel.m */,
				08507BFD1993B37800294A24 /* SearchDataCallback.h */,
			);
			path = tbsearch;
			sourceTree = "<group>";
		};
		08507BFC1993B30D00294A24 /* webview */ = {
			isa = PBXGroup;
			children = (
				08507BCD19936B3C00294A24 /* WebviewViewController.h */,
				08507BCE19936B3C00294A24 /* WebviewViewController.m */,
			);
			path = webview;
			sourceTree = "<group>";
		};
		08507BFE1993C26000294A24 /* item */ = {
			isa = PBXGroup;
			children = (
				08CC4A07199B37AC0039E030 /* ItemCell.h */,
				08CC4A08199B37AC0039E030 /* ItemCell.m */,
				08CC4A09199B37AC0039E030 /* ItemModel.h */,
				08CC4A0A199B37AC0039E030 /* ItemModel.m */,
				08507BCA19936A0F00294A24 /* ItemTableViewCell.h */,
				08507BCB19936A0F00294A24 /* ItemTableViewCell.m */,
			);
			path = item;
			sourceTree = "<group>";
		};
		087E39C91982C31800520CC5 = {
			isa = PBXGroup;
			children = (
				087E39DB1982C31800520CC5 /* TbCourse */,
				087E39F41982C31800520CC5 /* TbCourseTests */,
				087E39D41982C31800520CC5 /* Frameworks */,
				087E39D31982C31800520CC5 /* Products */,
			);
			sourceTree = "<group>";
		};
		087E39D31982C31800520CC5 /* Products */ = {
			isa = PBXGroup;
			children = (
				087E39D21982C31800520CC5 /* TbCourse.app */,
				087E39ED1982C31800520CC5 /* TbCourseTests.xctest */,
			);
			name = Products;
			sourceTree = "<group>";
		};
		087E39D41982C31800520CC5 /* Frameworks */ = {
			isa = PBXGroup;
			children = (
				08507BC61993677200294A24 /* ImageIO.framework */,
				08507BC41993675200294A24 /* AudioToolbox.framework */,
				08507BC2199364DA00294A24 /* SDWebImage.framework */,
				087E39D51982C31800520CC5 /* Foundation.framework */,
				087E39D71982C31800520CC5 /* CoreGraphics.framework */,
				087E39D91982C31800520CC5 /* UIKit.framework */,
				087E39EE1982C31800520CC5 /* XCTest.framework */,
			);
			name = Frameworks;
			sourceTree = "<group>";
		};
		087E39DB1982C31800520CC5 /* TbCourse */ = {
			isa = PBXGroup;
			children = (
				0849C4D2199DDBC100F417DB /* browser */,
				08507BFE1993C26000294A24 /* item */,
				08507BFC1993B30D00294A24 /* webview */,
				08507BED1993871900294A24 /* tbsearch */,
				08507BBE1993527600294A24 /* network */,
				08157F0C198D421C009ADDF4 /* msgbox */,
				08157F0B198D4205009ADDF4 /* index */,
				0821142A198A96330052E0F5 /* weitao */,
				08211411198A906D0052E0F5 /* images */,
				087E3A231982C5E400520CC5 /* libs */,
				087E3A041982C4EE00520CC5 /* en.lproj */,
				087E3A241982C5F100520CC5 /* favourite */,
				087E39E41982C31800520CC5 /* AppDelegate.h */,
				087E39E51982C31800520CC5 /* AppDelegate.m */,
				087E39E71982C31800520CC5 /* Images.xcassets */,
				087E39DC1982C31800520CC5 /* Supporting Files */,
			);
			path = TbCourse;
			sourceTree = "<group>";
		};
		087E39DC1982C31800520CC5 /* Supporting Files */ = {
			isa = PBXGroup;
			children = (
				087E39DD1982C31800520CC5 /* TbCourse-Info.plist */,
				087E39DE1982C31800520CC5 /* InfoPlist.strings */,
				087E39E11982C31800520CC5 /* main.m */,
				087E39E31982C31800520CC5 /* TbCourse-Prefix.pch */,
			);
			name = "Supporting Files";
			sourceTree = "<group>";
		};
		087E39F41982C31800520CC5 /* TbCourseTests */ = {
			isa = PBXGroup;
			children = (
				087E39FA1982C31800520CC5 /* TbCourseTests.m */,
				087E39F51982C31800520CC5 /* Supporting Files */,
			);
			path = TbCourseTests;
			sourceTree = "<group>";
		};
		087E39F51982C31800520CC5 /* Supporting Files */ = {
			isa = PBXGroup;
			children = (
				087E39F61982C31800520CC5 /* TbCourseTests-Info.plist */,
				087E39F71982C31800520CC5 /* InfoPlist.strings */,
			);
			name = "Supporting Files";
			sourceTree = "<group>";
		};
		087E3A041982C4EE00520CC5 /* en.lproj */ = {
			isa = PBXGroup;
			children = (
				087E3A051982C4EE00520CC5 /* InfoPlist.strings */,
			);
			path = en.lproj;
			sourceTree = "<group>";
		};
		087E3A231982C5E400520CC5 /* libs */ = {
			isa = PBXGroup;
			children = (
				08507BD01993868D00294A24 /* AFNetworking */,
				08507BBF1993590E00294A24 /* JSONKit.h */,
				08507BC01993590E00294A24 /* JSONKit.m */,
				087E3A0F1982C4EE00520CC5 /* SVPullToRefresh.h */,
				087E3A121982C4EE00520CC5 /* UIScrollView+SVInfiniteScrolling.h */,
				087E3A131982C4EE00520CC5 /* UIScrollView+SVInfiniteScrolling.m */,
				087E3A141982C4EE00520CC5 /* UIScrollView+SVPullToRefresh.h */,
				087E3A151982C4EE00520CC5 /* UIScrollView+SVPullToRefresh.m */,
			);
			name = libs;
			sourceTree = "<group>";
		};
		087E3A241982C5F100520CC5 /* favourite */ = {
			isa = PBXGroup;
			children = (
				087E3A101982C4EE00520CC5 /* TbFavouriteViewController.h */,
				087E3A111982C4EE00520CC5 /* TbFavouriteViewController.m */,
			);
			name = favourite;
			sourceTree = "<group>";
		};
/* End PBXGroup section */

/* Begin PBXNativeTarget section */
		087E39D11982C31800520CC5 /* TbCourse */ = {
			isa = PBXNativeTarget;
			buildConfigurationList = 087E39FE1982C31800520CC5 /* Build configuration list for PBXNativeTarget "TbCourse" */;
			buildPhases = (
				087E39CE1982C31800520CC5 /* Sources */,
				087E39CF1982C31800520CC5 /* Frameworks */,
				087E39D01982C31800520CC5 /* Resources */,
			);
			buildRules = (
			);
			dependencies = (
			);
			name = TbCourse;
			productName = TbCourse;
			productReference = 087E39D21982C31800520CC5 /* TbCourse.app */;
			productType = "com.apple.product-type.application";
		};
		087E39EC1982C31800520CC5 /* TbCourseTests */ = {
			isa = PBXNativeTarget;
			buildConfigurationList = 087E3A011982C31800520CC5 /* Build configuration list for PBXNativeTarget "TbCourseTests" */;
			buildPhases = (
				087E39E91982C31800520CC5 /* Sources */,
				087E39EA1982C31800520CC5 /* Frameworks */,
				087E39EB1982C31800520CC5 /* Resources */,
			);
			buildRules = (
			);
			dependencies = (
				087E39F31982C31800520CC5 /* PBXTargetDependency */,
			);
			name = TbCourseTests;
			productName = TbCourseTests;
			productReference = 087E39ED1982C31800520CC5 /* TbCourseTests.xctest */;
			productType = "com.apple.product-type.bundle.unit-test";
		};
/* End PBXNativeTarget section */

/* Begin PBXProject section */
		087E39CA1982C31800520CC5 /* Project object */ = {
			isa = PBXProject;
			attributes = {
				LastUpgradeCheck = 0510;
				ORGANIZATIONNAME = com;
				TargetAttributes = {
					087E39EC1982C31800520CC5 = {
						TestTargetID = 087E39D11982C31800520CC5;
					};
				};
			};
			buildConfigurationList = 087E39CD1982C31800520CC5 /* Build configuration list for PBXProject "TbCourse" */;
			compatibilityVersion = "Xcode 3.2";
			developmentRegion = English;
			hasScannedForEncodings = 0;
			knownRegions = (
				en,
			);
			mainGroup = 087E39C91982C31800520CC5;
			productRefGroup = 087E39D31982C31800520CC5 /* Products */;
			projectDirPath = "";
			projectRoot = "";
			targets = (
				087E39D11982C31800520CC5 /* TbCourse */,
				087E39EC1982C31800520CC5 /* TbCourseTests */,
			);
		};
/* End PBXProject section */

/* Begin PBXResourcesBuildPhase section */
		087E39D01982C31800520CC5 /* Resources */ = {
			isa = PBXResourcesBuildPhase;
			buildActionMask = 2147483647;
			files = (
				08211422198A90B60052E0F5 /* navItemInfo@2x.png in Resources */,
				08507BF41993882F00294A24 /* search.png in Resources */,
				08211425198A90B60052E0F5 /* tabCart@2x.png in Resources */,
				08211420198A90B60052E0F5 /* hezi2.jpg in Resources */,
				0821141F198A90B60052E0F5 /* hezi1.jpg in Resources */,
				0821141E198A90B60052E0F5 /* hezi0.jpg in Resources */,
				08211426198A90B60052E0F5 /* tabConfig@2x.png in Resources */,
				08211423198A90B60052E0F5 /* navItemPic@2x.png in Resources */,
				08211421198A90B60052E0F5 /* navItemConfig@2x.png in Resources */,
				08211429198A90B60052E0F5 /* tabWei@2x.png in Resources */,
				080DD265198E7F100066E1D9 /* iconfont-message.png in Resources */,
				087E39E01982C31800520CC5 /* InfoPlist.strings in Resources */,
				08507BC91993693300294A24 /* empty.jpg in Resources */,
				087E3A161982C4EE00520CC5 /* InfoPlist.strings in Resources */,
				08211428198A90B60052E0F5 /* tabMain@2x.png in Resources */,
				08507BF8199388AF00294A24 /* iconfont-search.png in Resources */,
				08211424198A90B60052E0F5 /* navItemShop@2x.png in Resources */,
				087E39E81982C31800520CC5 /* Images.xcassets in Resources */,
				08211427198A90B60052E0F5 /* tabDiscovery@2x.png in Resources */,
			);
			runOnlyForDeploymentPostprocessing = 0;
		};
		087E39EB1982C31800520CC5 /* Resources */ = {
			isa = PBXResourcesBuildPhase;
			buildActionMask = 2147483647;
			files = (
				087E39F91982C31800520CC5 /* InfoPlist.strings in Resources */,
			);
			runOnlyForDeploymentPostprocessing = 0;
		};
/* End PBXResourcesBuildPhase section */

/* Begin PBXSourcesBuildPhase section */
		087E39CE1982C31800520CC5 /* Sources */ = {
			isa = PBXSourcesBuildPhase;
			buildActionMask = 2147483647;
			files = (
				08507BE41993868D00294A24 /* AFHTTPRequestOperation.m in Sources */,
				08507BCC19936A0F00294A24 /* ItemTableViewCell.m in Sources */,
				08CC4A0C199B37AC0039E030 /* ItemModel.m in Sources */,
				080DD268198E806A0066E1D9 /* TbMsgboxTableViewController.m in Sources */,
				08507BFB19938EFE00294A24 /* SearchModel.m in Sources */,
				0849C4D5199DF3C800F417DB /* BrowserViewController.m in Sources */,
				08157F0F198D422E009ADDF4 /* TbIndexViewController.m in Sources */,
				08507BF01993872F00294A24 /* TbSearchViewController.m in Sources */,
				08507BBD1993510200294A24 /* NetworkTableViewController.m in Sources */,
				08211430198A9DDB0052E0F5 /* TbWei2ViewController.m in Sources */,
				08507BE61993868D00294A24 /* AFHTTPSessionManager.m in Sources */,
				0821142D198A965D0052E0F5 /* TbWeitaoViewController.m in Sources */,
				087E39E61982C31800520CC5 /* AppDelegate.m in Sources */,
				08507BE71993868D00294A24 /* AFNetworkReachabilityManager.m in Sources */,
				08507BEC1993868D00294A24 /* AFURLSessionManager.m in Sources */,
				087E3A1E1982C4EE00520CC5 /* UIScrollView+SVInfiniteScrolling.m in Sources */,
				08157F12198D44CD009ADDF4 /* Image+Label.m in Sources */,
				08507BE91993868D00294A24 /* AFURLConnectionOperation.m in Sources */,
				08507BEB1993868D00294A24 /* AFURLResponseSerialization.m in Sources */,
				087E3A1F1982C4EE00520CC5 /* UIScrollView+SVPullToRefresh.m in Sources */,
				08CC4A0B199B37AC0039E030 /* ItemCell.m in Sources */,
				08507BEA1993868D00294A24 /* AFURLRequestSerialization.m in Sources */,
				087E3A1D1982C4EE00520CC5 /* TbFavouriteViewController.m in Sources */,
				08507BCF19936B3C00294A24 /* WebviewViewController.m in Sources */,
				08BDF2D0199F2667004E2CF7 /* FileUtils.m in Sources */,
				08211433198A9DE80052E0F5 /* TbWei3ViewController.m in Sources */,
				0849C4D8199ECB4500F417DB /* BrowserCache.m in Sources */,
				087E39E21982C31800520CC5 /* main.m in Sources */,
				08507BE51993868D00294A24 /* AFHTTPRequestOperationManager.m in Sources */,
				08507BE81993868D00294A24 /* AFSecurityPolicy.m in Sources */,
				08507BC11993590E00294A24 /* JSONKit.m in Sources */,
			);
			runOnlyForDeploymentPostprocessing = 0;
		};
		087E39E91982C31800520CC5 /* Sources */ = {
			isa = PBXSourcesBuildPhase;
			buildActionMask = 2147483647;
			files = (
				087E39FB1982C31800520CC5 /* TbCourseTests.m in Sources */,
			);
			runOnlyForDeploymentPostprocessing = 0;
		};
/* End PBXSourcesBuildPhase section */

/* Begin PBXTargetDependency section */
		087E39F31982C31800520CC5 /* PBXTargetDependency */ = {
			isa = PBXTargetDependency;
			target = 087E39D11982C31800520CC5 /* TbCourse */;
			targetProxy = 087E39F21982C31800520CC5 /* PBXContainerItemProxy */;
		};
/* End PBXTargetDependency section */

/* Begin PBXVariantGroup section */
		087E39DE1982C31800520CC5 /* InfoPlist.strings */ = {
			isa = PBXVariantGroup;
			children = (
				087E39DF1982C31800520CC5 /* en */,
			);
			name = InfoPlist.strings;
			sourceTree = "<group>";
		};
		087E39F71982C31800520CC5 /* InfoPlist.strings */ = {
			isa = PBXVariantGroup;
			children = (
				087E39F81982C31800520CC5 /* en */,
			);
			name = InfoPlist.strings;
			sourceTree = "<group>";
		};
		087E3A051982C4EE00520CC5 /* InfoPlist.strings */ = {
			isa = PBXVariantGroup;
			children = (
				087E3A061982C4EE00520CC5 /* en */,
			);
			name = InfoPlist.strings;
			sourceTree = "<group>";
		};
/* End PBXVariantGroup section */

/* Begin XCBuildConfiguration section */
		087E39FC1982C31800520CC5 /* Debug */ = {
			isa = XCBuildConfiguration;
			buildSettings = {
				ALWAYS_SEARCH_USER_PATHS = NO;
				CLANG_CXX_LANGUAGE_STANDARD = "gnu++0x";
				CLANG_CXX_LIBRARY = "libc++";
				CLANG_ENABLE_MODULES = YES;
				CLANG_ENABLE_OBJC_ARC = YES;
				CLANG_WARN_BOOL_CONVERSION = YES;
				CLANG_WARN_CONSTANT_CONVERSION = YES;
				CLANG_WARN_DIRECT_OBJC_ISA_USAGE = YES_ERROR;
				CLANG_WARN_EMPTY_BODY = YES;
				CLANG_WARN_ENUM_CONVERSION = YES;
				CLANG_WARN_INT_CONVERSION = YES;
				CLANG_WARN_OBJC_ROOT_CLASS = YES_ERROR;
				CLANG_WARN__DUPLICATE_METHOD_MATCH = YES;
				"CODE_SIGN_IDENTITY[sdk=iphoneos*]" = "iPhone Developer";
				COPY_PHASE_STRIP = NO;
				GCC_C_LANGUAGE_STANDARD = gnu99;
				GCC_DYNAMIC_NO_PIC = NO;
				GCC_OPTIMIZATION_LEVEL = 0;
				GCC_PREPROCESSOR_DEFINITIONS = (
					"DEBUG=1",
					"$(inherited)",
				);
				GCC_SYMBOLS_PRIVATE_EXTERN = NO;
				GCC_WARN_64_TO_32_BIT_CONVERSION = YES;
				GCC_WARN_ABOUT_RETURN_TYPE = YES_ERROR;
				GCC_WARN_UNDECLARED_SELECTOR = YES;
				GCC_WARN_UNINITIALIZED_AUTOS = YES_AGGRESSIVE;
				GCC_WARN_UNUSED_FUNCTION = YES;
				GCC_WARN_UNUSED_VARIABLE = YES;
				IPHONEOS_DEPLOYMENT_TARGET = 7.1;
				ONLY_ACTIVE_ARCH = YES;
				SDKROOT = iphoneos;
			};
			name = Debug;
		};
		087E39FD1982C31800520CC5 /* Release */ = {
			isa = XCBuildConfiguration;
			buildSettings = {
				ALWAYS_SEARCH_USER_PATHS = NO;
				CLANG_CXX_LANGUAGE_STANDARD = "gnu++0x";
				CLANG_CXX_LIBRARY = "libc++";
				CLANG_ENABLE_MODULES = YES;
				CLANG_ENABLE_OBJC_ARC = YES;
				CLANG_WARN_BOOL_CONVERSION = YES;
				CLANG_WARN_CONSTANT_CONVERSION = YES;
				CLANG_WARN_DIRECT_OBJC_ISA_USAGE = YES_ERROR;
				CLANG_WARN_EMPTY_BODY = YES;
				CLANG_WARN_ENUM_CONVERSION = YES;
				CLANG_WARN_INT_CONVERSION = YES;
				CLANG_WARN_OBJC_ROOT_CLASS = YES_ERROR;
				CLANG_WARN__DUPLICATE_METHOD_MATCH = YES;
				"CODE_SIGN_IDENTITY[sdk=iphoneos*]" = "iPhone Developer";
				COPY_PHASE_STRIP = YES;
				ENABLE_NS_ASSERTIONS = NO;
				GCC_C_LANGUAGE_STANDARD = gnu99;
				GCC_WARN_64_TO_32_BIT_CONVERSION = YES;
				GCC_WARN_ABOUT_RETURN_TYPE = YES_ERROR;
				GCC_WARN_UNDECLARED_SELECTOR = YES;
				GCC_WARN_UNINITIALIZED_AUTOS = YES_AGGRESSIVE;
				GCC_WARN_UNUSED_FUNCTION = YES;
				GCC_WARN_UNUSED_VARIABLE = YES;
				IPHONEOS_DEPLOYMENT_TARGET = 7.1;
				SDKROOT = iphoneos;
				VALIDATE_PRODUCT = YES;
			};
			name = Release;
		};
		087E39FF1982C31800520CC5 /* Debug */ = {
			isa = XCBuildConfiguration;
			buildSettings = {
				ASSETCATALOG_COMPILER_APPICON_NAME = AppIcon;
				ASSETCATALOG_COMPILER_LAUNCHIMAGE_NAME = LaunchImage;
				FRAMEWORK_SEARCH_PATHS = (
					"$(inherited)",
					"$(PROJECT_DIR)",
				);
				GCC_PRECOMPILE_PREFIX_HEADER = YES;
				GCC_PREFIX_HEADER = "TbCourse/TbCourse-Prefix.pch";
				INFOPLIST_FILE = "TbCourse/TbCourse-Info.plist";
				OTHER_LDFLAGS = "-ObjC";
				PRODUCT_NAME = "$(TARGET_NAME)";
				WRAPPER_EXTENSION = app;
			};
			name = Debug;
		};
		087E3A001982C31800520CC5 /* Release */ = {
			isa = XCBuildConfiguration;
			buildSettings = {
				ASSETCATALOG_COMPILER_APPICON_NAME = AppIcon;
				ASSETCATALOG_COMPILER_LAUNCHIMAGE_NAME = LaunchImage;
				FRAMEWORK_SEARCH_PATHS = (
					"$(inherited)",
					"$(PROJECT_DIR)",
				);
				GCC_PRECOMPILE_PREFIX_HEADER = YES;
				GCC_PREFIX_HEADER = "TbCourse/TbCourse-Prefix.pch";
				INFOPLIST_FILE = "TbCourse/TbCourse-Info.plist";
				OTHER_LDFLAGS = "-ObjC";
				PRODUCT_NAME = "$(TARGET_NAME)";
				WRAPPER_EXTENSION = app;
			};
			name = Release;
		};
		087E3A021982C31800520CC5 /* Debug */ = {
			isa = XCBuildConfiguration;
			buildSettings = {
				BUNDLE_LOADER = "$(BUILT_PRODUCTS_DIR)/TbCourse.app/TbCourse";
				FRAMEWORK_SEARCH_PATHS = (
					"$(SDKROOT)/Developer/Library/Frameworks",
					"$(inherited)",
					"$(DEVELOPER_FRAMEWORKS_DIR)",
				);
				GCC_PRECOMPILE_PREFIX_HEADER = YES;
				GCC_PREFIX_HEADER = "TbCourse/TbCourse-Prefix.pch";
				GCC_PREPROCESSOR_DEFINITIONS = (
					"DEBUG=1",
					"$(inherited)",
				);
				INFOPLIST_FILE = "TbCourseTests/TbCourseTests-Info.plist";
				PRODUCT_NAME = "$(TARGET_NAME)";
				TEST_HOST = "$(BUNDLE_LOADER)";
				WRAPPER_EXTENSION = xctest;
			};
			name = Debug;
		};
		087E3A031982C31800520CC5 /* Release */ = {
			isa = XCBuildConfiguration;
			buildSettings = {
				BUNDLE_LOADER = "$(BUILT_PRODUCTS_DIR)/TbCourse.app/TbCourse";
				FRAMEWORK_SEARCH_PATHS = (
					"$(SDKROOT)/Developer/Library/Frameworks",
					"$(inherited)",
					"$(DEVELOPER_FRAMEWORKS_DIR)",
				);
				GCC_PRECOMPILE_PREFIX_HEADER = YES;
				GCC_PREFIX_HEADER = "TbCourse/TbCourse-Prefix.pch";
				INFOPLIST_FILE = "TbCourseTests/TbCourseTests-Info.plist";
				PRODUCT_NAME = "$(TARGET_NAME)";
				TEST_HOST = "$(BUNDLE_LOADER)";
				WRAPPER_EXTENSION = xctest;
			};
			name = Release;
		};
/* End XCBuildConfiguration section */

/* Begin XCConfigurationList section */
		087E39CD1982C31800520CC5 /* Build configuration list for PBXProject "TbCourse" */ = {
			isa = XCConfigurationList;
			buildConfigurations = (
				087E39FC1982C31800520CC5 /* Debug */,
				087E39FD1982C31800520CC5 /* Release */,
			);
			defaultConfigurationIsVisible = 0;
			defaultConfigurationName = Release;
		};
		087E39FE1982C31800520CC5 /* Build configuration list for PBXNativeTarget "TbCourse" */ = {
			isa = XCConfigurationList;
			buildConfigurations = (
				087E39FF1982C31800520CC5 /* Debug */,
				087E3A001982C31800520CC5 /* Release */,
			);
			defaultConfigurationIsVisible = 0;
			defaultConfigurationName = Release;
		};
		087E3A011982C31800520CC5 /* Build configuration list for PBXNativeTarget "TbCourseTests" */ = {
			isa = XCConfigurationList;
			buildConfigurations = (
				087E3A021982C31800520CC5 /* Debug */,
				087E3A031982C31800520CC5 /* Release */,
			);
			defaultConfigurationIsVisible = 0;
			defaultConfigurationName = Release;
		};
/* End XCConfigurationList section */
	};
	rootObject = 087E39CA1982C31800520CC5 /* Project object */;
}
